{
    "_readme": [
        "This file locks the dependencies of your project to a known state",
        "Read more about it at http://getcomposer.org/doc/01-basic-usage.md#composer-lock-the-lock-file",
        "This file is @generated automatically"
    ],
    "hash": "f1722c7def988d3cb172ffda45b47a65",
    "packages": [
        {
            "name": "html2text/html2text",
            "version": "1.0.0",
            "source": {
                "type": "git",
                "url": "https://github.com/mtibben/html2text.git",
                "reference": "2a78b855d82953c1e3bd39bc46d17fdccf68025f"
            },
            "dist": {
                "type": "zip",
                "url": "https://api.github.com/repos/mtibben/html2text/zipball/2a78b855d82953c1e3bd39bc46d17fdccf68025f",
                "reference": "2a78b855d82953c1e3bd39bc46d17fdccf68025f",
                "shasum": ""
            },
            "require-dev": {
                "phpunit/phpunit": "~3.7"
            },
            "type": "library",
            "autoload": {
                "psr-0": {
                    "Html2Text": "lib/"
                }
            },
            "notification-url": "https://packagist.org/downloads/",
            "license": [
                "GPLv2"
            ],
            "description": "Converts HTML to formatted plain text",
            "time": "2013-12-26 04:38:06"
        },
        {
            "name": "lightopenid/lightopenid",
            "version": "v0.7.0",
            "source": {
                "type": "git",
                "url": "https://git.gitorious.org/lightopenid/lightopenid.git",
                "reference": "9d42dc24e4dd34121c98a6491bc3ef7933a68a19"
            },
            "require": {
                "php": ">=5.2.3"
            },
            "type": "library",
            "autoload": {
                "classmap": [
                    "./"
                ]
            },
            "notification-url": "https://packagist.org/downloads/",
            "license": [
                "MIT"
            ],
            "homepage": "http://code.google.com/p/lightopenid/",
            "keywords": [
                "OpenId"
            ],
            "time": "2013-10-27 16:25:49"
        },
        {
            "name": "mustangostang/spyc",
            "version": "0.5.1",
            "source": {
                "type": "git",
                "url": "https://github.com/mustangostang/spyc.git",
                "reference": "dc4785b4d7227fd9905e086d499fb8abfadf9977"
            },
            "dist": {
                "type": "zip",
                "url": "https://api.github.com/repos/mustangostang/spyc/zipball/dc4785b4d7227fd9905e086d499fb8abfadf9977",
                "reference": "dc4785b4d7227fd9905e086d499fb8abfadf9977",
                "shasum": ""
            },
            "require": {
                "php": ">=5.3.1"
            },
            "type": "library",
            "extra": {
                "branch-alias": {
                    "dev-master": "0.5.x-dev"
                }
            },
            "autoload": {
                "files": [
                    "Spyc.php"
                ]
            },
            "notification-url": "https://packagist.org/downloads/",
            "license": [
                "MIT License"
            ],
            "authors": [
                {
                    "name": "mustangostang",
                    "email": "vlad.andersen@gmail.com"
                }
            ],
            "description": "A simple YAML loader/dumper class for PHP",
            "homepage": "https://github.com/mustangostang/spyc/",
            "keywords": [
                "spyc",
                "yaml",
                "yml"
            ],
            "time": "2013-02-21 10:52:01"
        },
        {
            "name": "smarty/smarty",
            "version": "v3.1.18",
            "source": {
                "type": "svn",
                "url": "http://smarty-php.googlecode.com/svn",
                "reference": "/tags/v3.1.18/@4839"
            },
            "require": {
                "php": ">=5.2"
            },
            "type": "library",
            "autoload": {
                "classmap": [
                    "distribution/libs/Smarty.class.php",
                    "distribution/libs/SmartyBC.class.php",
                    "distribution/libs/sysplugins/smarty_security.php"
                ]
            },
            "notification-url": "https://packagist.org/downloads/",
            "license": [
                "LGPL-3.0"
            ],
            "authors": [
                {
                    "name": "Monte Ohrt",
                    "email": "monte@ohrt.com"
                },
                {
                    "name": "Uwe Tews",
                    "email": "uwe.tews@googlemail.com"
                },
                {
                    "name": "Rodney Rehm",
                    "email": "rodney.rehm@medialize.de"
                }
            ],
            "description": "Smarty - the compiling PHP template engine",
            "homepage": "http://www.smarty.net",
            "keywords": [
                "templating"
            ],
            "time": "2014-05-08 18:38:30"
        },
        {
            "name": "travi/framework",
            "version": "0.12.1",
            "source": {
                "type": "git",
                "url": "https://github.com/travi/php-framework.git",
                "reference": "935f5023e06b61aabf5838bcd8d4a9e6560af593"
            },
            "dist": {
                "type": "zip",
                "url": "https://api.github.com/repos/travi/php-framework/zipball/935f5023e06b61aabf5838bcd8d4a9e6560af593",
                "reference": "935f5023e06b61aabf5838bcd8d4a9e6560af593",
                "shasum": ""
            },
            "require": {
                "html2text/html2text": "1.0.0",
                "lightopenid/lightopenid": "0.7.0",
                "mustangostang/spyc": "0.5.1",
                "smarty/smarty": "3.1.*@stable"
            },
            "require-dev": {
                "behat/behat": "2.5.*",
                "phing/phing": "2.8.1",
                "phpmd/phpmd": "2.0.0",
                "phpunit/phpunit": "4.1.*",
                "satooshi/php-coveralls": "dev-master",
                "sebastian/phpcpd": "2.0.1",
                "squizlabs/php_codesniffer": "1.5.3"
            },
            "type": "library",
            "autoload": {
                "psr-0": {
                    "Pd": "php/thirdparty/PHP-Dependency/library/",
                    "travi\\framework": [
                        "php/framework/objects",
                        "php/framework/src"
                    ]
                }
            },
            "notification-url": "https://packagist.org/downloads/",
            "authors": [
                {
                    "name": "Matt Travi",
                    "email": "programmer@travi.org",
                    "homepage": "http://travi.org"
                }
            ],
            "description": "web framework",
            "time": "2014-07-20 19:15:03"
        }
    ],
    "packages-dev": [],
    "aliases": [],
    "minimum-stability": "dev",
    "stability-flags": [],
    "platform": [],
    "platform-dev": []
}
